
Microsoft Visual Studio Solution File, Format Version 12.00
# Visual Studio 14
VisualStudioVersion = 14.0.25123.0
MinimumVisualStudioVersion = 10.0.40219.1
Project("{F2A71F9B-5D33-465A-A702-920D77279786}") = "Frule", "Frule\Frule.fsproj", "{FAA5981C-8F04-4EF6-9877-0181A5C4873C}"
EndProject
Global
	GlobalSection(SolutionConfigurationPlatforms) = preSolution
		Debug|Any CPU = Debug|Any CPU
		Release|Any CPU = Release|Any CPU
	EndGlobalSection
	GlobalSection(ProjectConfigurationPlatforms) = postSolution
		{FAA5981C-8F04-4EF6-9877-0181A5C4873C}.Debug|Any CPU.ActiveCfg = Debug|Any CPU
		{FAA5981C-8F04-4EF6-9877-0181A5C4873C}.Debug|Any CPU.Build.0 = Debug|Any CPU
		{FAA5981C-8F04-4EF6-9877-0181A5C4873C}.Release|Any CPU.ActiveCfg = Release|Any CPU
		{FAA5981C-8F04-4EF6-9877-0181A5C4873C}.Release|Any CPU.Build.0 = Release|Any CPU
	EndGlobalSection
	GlobalSection(SolutionProperties) = preSolution
		HideSolutionNode = FALSE
	EndGlobalSection
EndGlobal
